// !$*UTF8*$!
{
	archiveVersion = 1;
	classes = {
	};
	objectVersion = 56;
	objects = {

/* Begin PBXBuildFile section */
		EB24C8842BAF29800008C0E2 /* AppDelegate.swift in Sources */ = {isa = PBXBuildFile; fileRef = EB24C8832BAF29800008C0E2 /* AppDelegate.swift */; };
		EB24C8862BAF29800008C0E2 /* SceneDelegate.swift in Sources */ = {isa = PBXBuildFile; fileRef = EB24C8852BAF29800008C0E2 /* SceneDelegate.swift */; };
		EB24C8882BAF29800008C0E2 /* ViewController.swift in Sources */ = {isa = PBXBuildFile; fileRef = EB24C8872BAF29800008C0E2 /* ViewController.swift */; };
		EB24C88B2BAF29800008C0E2 /* Base in Resources */ = {isa = PBXBuildFile; fileRef = EB24C88A2BAF29800008C0E2 /* Base */; };
		EB24C88D2BAF29810008C0E2 /* Assets.xcassets in Resources */ = {isa = PBXBuildFile; fileRef = EB24C88C2BAF29810008C0E2 /* Assets.xcassets */; };
		EB24C8902BAF29810008C0E2 /* Base in Resources */ = {isa = PBXBuildFile; fileRef = EB24C88F2BAF29810008C0E2 /* Base */; };
		EB24C8992BAF29A80008C0E2 /* PDComposeVC.swift in Sources */ = {isa = PBXBuildFile; fileRef = EB24C8982BAF29A80008C0E2 /* PDComposeVC.swift */; };
		EB24C89B2BAF29C80008C0E2 /* PDComposeVC.storyboard in Resources */ = {isa = PBXBuildFile; fileRef = EB24C89A2BAF29C80008C0E2 /* PDComposeVC.storyboard */; };
		EB24C89E2BAFD4B20008C0E2 /* PDPicSelectVC.swift in Sources */ = {isa = PBXBuildFile; fileRef = EB24C89D2BAFD4B20008C0E2 /* PDPicSelectVC.swift */; };
		EB24C8A12BAFD5830008C0E2 /* PDPicSelectItemCell.swift in Sources */ = {isa = PBXBuildFile; fileRef = EB24C8A02BAFD5830008C0E2 /* PDPicSelectItemCell.swift */; };
		EB4517832BAFD91F009B330F /* PBPicSelectFlowLayout.swift in Sources */ = {isa = PBXBuildFile; fileRef = EB4517822BAFD91F009B330F /* PBPicSelectFlowLayout.swift */; };
/* End PBXBuildFile section */

/* Begin PBXFileReference section */
		EB24C8802BAF29800008C0E2 /* PostDemo.app */ = {isa = PBXFileReference; explicitFileType = wrapper.application; includeInIndex = 0; path = PostDemo.app; sourceTree = BUILT_PRODUCTS_DIR; };
		EB24C8832BAF29800008C0E2 /* AppDelegate.swift */ = {isa = PBXFileReference; lastKnownFileType = sourcecode.swift; path = AppDelegate.swift; sourceTree = "<group>"; };
		EB24C8852BAF29800008C0E2 /* SceneDelegate.swift */ = {isa = PBXFileReference; lastKnownFileType = sourcecode.swift; path = SceneDelegate.swift; sourceTree = "<group>"; };
		EB24C8872BAF29800008C0E2 /* ViewController.swift */ = {isa = PBXFileReference; lastKnownFileType = sourcecode.swift; path = ViewController.swift; sourceTree = "<group>"; };
		EB24C88A2BAF29800008C0E2 /* Base */ = {isa = PBXFileReference; lastKnownFileType = file.storyboard; name = Base; path = Base.lproj/Main.storyboard; sourceTree = "<group>"; };
		EB24C88C2BAF29810008C0E2 /* Assets.xcassets */ = {isa = PBXFileReference; lastKnownFileType = folder.assetcatalog; path = Assets.xcassets; sourceTree = "<group>"; };
		EB24C88F2BAF29810008C0E2 /* Base */ = {isa = PBXFileReference; lastKnownFileType = file.storyboard; name = Base; path = Base.lproj/LaunchScreen.storyboard; sourceTree = "<group>"; };
		EB24C8912BAF29810008C0E2 /* Info.plist */ = {isa = PBXFileReference; lastKnownFileType = text.plist.xml; path = Info.plist; sourceTree = "<group>"; };
		EB24C8982BAF29A80008C0E2 /* PDComposeVC.swift */ = {isa = PBXFileReference; lastKnownFileType = sourcecode.swift; path = PDComposeVC.swift; sourceTree = "<group>"; };
		EB24C89A2BAF29C80008C0E2 /* PDComposeVC.storyboard */ = {isa = PBXFileReference; lastKnownFileType = file.storyboard; path = PDComposeVC.storyboard; sourceTree = "<group>"; };
		EB24C89D2BAFD4B20008C0E2 /* PDPicSelectVC.swift */ = {isa = PBXFileReference; lastKnownFileType = sourcecode.swift; path = PDPicSelectVC.swift; sourceTree = "<group>"; };
		EB24C8A02BAFD5830008C0E2 /* PDPicSelectItemCell.swift */ = {isa = PBXFileReference; lastKnownFileType = sourcecode.swift; path = PDPicSelectItemCell.swift; sourceTree = "<group>"; };
		EB4517822BAFD91F009B330F /* PBPicSelectFlowLayout.swift */ = {isa = PBXFileReference; lastKnownFileType = sourcecode.swift; path = PBPicSelectFlowLayout.swift; sourceTree = "<group>"; };
/* End PBXFileReference section */

/* Begin PBXFrameworksBuildPhase section */
		EB24C87D2BAF29800008C0E2 /* Frameworks */ = {
			isa = PBXFrameworksBuildPhase;
			buildActionMask = 2147483647;
			files = (
			);
			runOnlyForDeploymentPostprocessing = 0;
		};
/* End PBXFrameworksBuildPhase section */

/* Begin PBXGroup section */
		EB24C8772BAF29800008C0E2 = {
			isa = PBXGroup;
			children = (
				EB24C8822BAF29800008C0E2 /* PostDemo */,
				EB24C8812BAF29800008C0E2 /* Products */,
			);
			sourceTree = "<group>";
		};
		EB24C8812BAF29800008C0E2 /* Products */ = {
			isa = PBXGroup;
			children = (
				EB24C8802BAF29800008C0E2 /* PostDemo.app */,
			);
			name = Products;
			sourceTree = "<group>";
		};
		EB24C8822BAF29800008C0E2 /* PostDemo */ = {
			isa = PBXGroup;
			children = (
				EB24C8972BAF29860008C0E2 /* Post */,
				EB24C8832BAF29800008C0E2 /* AppDelegate.swift */,
				EB24C8852BAF29800008C0E2 /* SceneDelegate.swift */,
				EB24C8872BAF29800008C0E2 /* ViewController.swift */,
				EB24C8892BAF29800008C0E2 /* Main.storyboard */,
				EB24C88C2BAF29810008C0E2 /* Assets.xcassets */,
				EB24C88E2BAF29810008C0E2 /* LaunchScreen.storyboard */,
				EB24C8912BAF29810008C0E2 /* Info.plist */,
			);
			path = PostDemo;
			sourceTree = "<group>";
		};
		EB24C8972BAF29860008C0E2 /* Post */ = {
			isa = PBXGroup;
			children = (
				EB24C89C2BAFD48A0008C0E2 /* Picture */,
				EB24C8982BAF29A80008C0E2 /* PDComposeVC.swift */,
				EB24C89A2BAF29C80008C0E2 /* PDComposeVC.storyboard */,
			);
			path = Post;
			sourceTree = "<group>";
		};
		EB24C89C2BAFD48A0008C0E2 /* Picture */ = {
			isa = PBXGroup;
			children = (
				EB24C89F2BAFD5750008C0E2 /* Views */,
				EB24C89D2BAFD4B20008C0E2 /* PDPicSelectVC.swift */,
			);
			path = Picture;
			sourceTree = "<group>";
		};
		EB24C89F2BAFD5750008C0E2 /* Views */ = {
			isa = PBXGroup;
			children = (
				EB24C8A02BAFD5830008C0E2 /* PDPicSelectItemCell.swift */,
				EB4517822BAFD91F009B330F /* PBPicSelectFlowLayout.swift */,
			);
			path = Views;
			sourceTree = "<group>";
		};
/* End PBXGroup section */

/* Begin PBXNativeTarget section */
		EB24C87F2BAF29800008C0E2 /* PostDemo */ = {
			isa = PBXNativeTarget;
			buildConfigurationList = EB24C8942BAF29810008C0E2 /* Build configuration list for PBXNativeTarget "PostDemo" */;
			buildPhases = (
				EB24C87C2BAF29800008C0E2 /* Sources */,
				EB24C87D2BAF29800008C0E2 /* Frameworks */,
				EB24C87E2BAF29800008C0E2 /* Resources */,
			);
			buildRules = (
			);
			dependencies = (
			);
			name = PostDemo;
			productName = PostDemo;
			productReference = EB24C8802BAF29800008C0E2 /* PostDemo.app */;
			productType = "com.apple.product-type.application";
		};
/* End PBXNativeTarget section */

/* Begin PBXProject section */
		EB24C8782BAF29800008C0E2 /* Project object */ = {
			isa = PBXProject;
			attributes = {
				BuildIndependentTargetsInParallel = 1;
				CLASSPREFIX = PD;
				LastSwiftUpdateCheck = 1530;
				LastUpgradeCheck = 1530;
				TargetAttributes = {
					EB24C87F2BAF29800008C0E2 = {
						CreatedOnToolsVersion = 15.3;
					};
				};
			};
			buildConfigurationList = EB24C87B2BAF29800008C0E2 /* Build configuration list for PBXProject "PostDemo" */;
			compatibilityVersion = "Xcode 14.0";
			developmentRegion = en;
			hasScannedForEncodings = 0;
			knownRegions = (
				en,
				Base,
			);
			mainGroup = EB24C8772BAF29800008C0E2;
			productRefGroup = EB24C8812BAF29800008C0E2 /* Products */;
			projectDirPath = "";
			projectRoot = "";
			targets = (
				EB24C87F2BAF29800008C0E2 /* PostDemo */,
			);
		};
/* End PBXProject section */

/* Begin PBXResourcesBuildPhase section */
		EB24C87E2BAF29800008C0E2 /* Resources */ = {
			isa = PBXResourcesBuildPhase;
			buildActionMask = 2147483647;
			files = (
				EB24C89B2BAF29C80008C0E2 /* PDComposeVC.storyboard in Resources */,
				EB24C88D2BAF29810008C0E2 /* Assets.xcassets in Resources */,
				EB24C8902BAF29810008C0E2 /* Base in Resources */,
				EB24C88B2BAF29800008C0E2 /* Base in Resources */,
			);
			runOnlyForDeploymentPostprocessing = 0;
		};
/* End PBXResourcesBuildPhase section */

/* Begin PBXSourcesBuildPhase section */
		EB24C87C2BAF29800008C0E2 /* Sources */ = {
			isa = PBXSourcesBuildPhase;
			buildActionMask = 2147483647;
			files = (
				EB4517832BAFD91F009B330F /* PBPicSelectFlowLayout.swift in Sources */,
				EB24C89E2BAFD4B20008C0E2 /* PDPicSelectVC.swift in Sources */,
				EB24C8882BAF29800008C0E2 /* ViewController.swift in Sources */,
				EB24C8842BAF29800008C0E2 /* AppDelegate.swift in Sources */,
				EB24C8862BAF29800008C0E2 /* SceneDelegate.swift in Sources */,
				EB24C8992BAF29A80008C0E2 /* PDComposeVC.swift in Sources */,
				EB24C8A12BAFD5830008C0E2 /* PDPicSelectItemCell.swift in Sources */,
			);
			runOnlyForDeploymentPostprocessing = 0;
		};
/* End PBXSourcesBuildPhase section */

/* Begin PBXVariantGroup section */
		EB24C8892BAF29800008C0E2 /* Main.storyboard */ = {
			isa = PBXVariantGroup;
			children = (
				EB24C88A2BAF29800008C0E2 /* Base */,
			);
			name = Main.storyboard;
			sourceTree = "<group>";
		};
		EB24C88E2BAF29810008C0E2 /* LaunchScreen.storyboard */ = {
			isa = PBXVariantGroup;
			children = (
				EB24C88F2BAF29810008C0E2 /* Base */,
			);
			name = LaunchScreen.storyboard;
			sourceTree = "<group>";
		};
/* End PBXVariantGroup section */

/* Begin XCBuildConfiguration section */
		EB24C8922BAF29810008C0E2 /* Debug */ = {
			isa = XCBuildConfiguration;
			buildSettings = {
				ALWAYS_SEARCH_USER_PATHS = NO;
				ASSETCATALOG_COMPILER_GENERATE_SWIFT_ASSET_SYMBOL_EXTENSIONS = YES;
				CLANG_ANALYZER_NONNULL = YES;
				CLANG_ANALYZER_NUMBER_OBJECT_CONVERSION = YES_AGGRESSIVE;
				CLANG_CXX_LANGUAGE_STANDARD = "gnu++20";
				CLANG_ENABLE_MODULES = YES;
				CLANG_ENABLE_OBJC_ARC = YES;
				CLANG_ENABLE_OBJC_WEAK = YES;
				CLANG_WARN_BLOCK_CAPTURE_AUTORELEASING = YES;
				CLANG_WARN_BOOL_CONVERSION = YES;
				CLANG_WARN_COMMA = YES;
				CLANG_WARN_CONSTANT_CONVERSION = YES;
				CLANG_WARN_DEPRECATED_OBJC_IMPLEMENTATIONS = YES;
				CLANG_WARN_DIRECT_OBJC_ISA_USAGE = YES_ERROR;
				CLANG_WARN_DOCUMENTATION_COMMENTS = YES;
				CLANG_WARN_EMPTY_BODY = YES;
				CLANG_WARN_ENUM_CONVERSION = YES;
				CLANG_WARN_INFINITE_RECURSION = YES;
				CLANG_WARN_INT_CONVERSION = YES;
				CLANG_WARN_NON_LITERAL_NULL_CONVERSION = YES;
				CLANG_WARN_OBJC_IMPLICIT_RETAIN_SELF = YES;
				CLANG_WARN_OBJC_LITERAL_CONVERSION = YES;
				CLANG_WARN_OBJC_ROOT_CLASS = YES_ERROR;
				CLANG_WARN_QUOTED_INCLUDE_IN_FRAMEWORK_HEADER = YES;
				CLANG_WARN_RANGE_LOOP_ANALYSIS = YES;
				CLANG_WARN_STRICT_PROTOTYPES = YES;
				CLANG_WARN_SUSPICIOUS_MOVE = YES;
				CLANG_WARN_UNGUARDED_AVAILABILITY = YES_AGGRESSIVE;
				CLANG_WARN_UNREACHABLE_CODE = YES;
				CLANG_WARN__DUPLICATE_METHOD_MATCH = YES;
				COPY_PHASE_STRIP = NO;
				DEBUG_INFORMATION_FORMAT = dwarf;
				ENABLE_STRICT_OBJC_MSGSEND = YES;
				ENABLE_TESTABILITY = YES;
				ENABLE_USER_SCRIPT_SANDBOXING = YES;
				GCC_C_LANGUAGE_STANDARD = gnu17;
				GCC_DYNAMIC_NO_PIC = NO;
				GCC_NO_COMMON_BLOCKS = YES;
				GCC_OPTIMIZATION_LEVEL = 0;
				GCC_PREPROCESSOR_DEFINITIONS = (
					"DEBUG=1",
					"$(inherited)",
				);
				GCC_WARN_64_TO_32_BIT_CONVERSION = YES;
				GCC_WARN_ABOUT_RETURN_TYPE = YES_ERROR;
				GCC_WARN_UNDECLARED_SELECTOR = YES;
				GCC_WARN_UNINITIALIZED_AUTOS = YES_AGGRESSIVE;
				GCC_WARN_UNUSED_FUNCTION = YES;
				GCC_WARN_UNUSED_VARIABLE = YES;
				IPHONEOS_DEPLOYMENT_TARGET = 17.4;
				LOCALIZATION_PREFERS_STRING_CATALOGS = YES;
				MTL_ENABLE_DEBUG_INFO = INCLUDE_SOURCE;
				MTL_FAST_MATH = YES;
				ONLY_ACTIVE_ARCH = YES;
				SDKROOT = iphoneos;
				SWIFT_ACTIVE_COMPILATION_CONDITIONS = "DEBUG $(inherited)";
				SWIFT_OPTIMIZATION_LEVEL = "-Onone";
			};
			name = Debug;
		};
		EB24C8932BAF29810008C0E2 /* Release */ = {
			isa = XCBuildConfiguration;
			buildSettings = {
				ALWAYS_SEARCH_USER_PATHS = NO;
				ASSETCATALOG_COMPILER_GENERATE_SWIFT_ASSET_SYMBOL_EXTENSIONS = YES;
				CLANG_ANALYZER_NONNULL = YES;
				CLANG_ANALYZER_NUMBER_OBJECT_CONVERSION = YES_AGGRESSIVE;
				CLANG_CXX_LANGUAGE_STANDARD = "gnu++20";
				CLANG_ENABLE_MODULES = YES;
				CLANG_ENABLE_OBJC_ARC = YES;
				CLANG_ENABLE_OBJC_WEAK = YES;
				CLANG_WARN_BLOCK_CAPTURE_AUTORELEASING = YES;
				CLANG_WARN_BOOL_CONVERSION = YES;
				CLANG_WARN_COMMA = YES;
				CLANG_WARN_CONSTANT_CONVERSION = YES;
				CLANG_WARN_DEPRECATED_OBJC_IMPLEMENTATIONS = YES;
				CLANG_WARN_DIRECT_OBJC_ISA_USAGE = YES_ERROR;
				CLANG_WARN_DOCUMENTATION_COMMENTS = YES;
				CLANG_WARN_EMPTY_BODY = YES;
				CLANG_WARN_ENUM_CONVERSION = YES;
				CLANG_WARN_INFINITE_RECURSION = YES;
				CLANG_WARN_INT_CONVERSION = YES;
				CLANG_WARN_NON_LITERAL_NULL_CONVERSION = YES;
				CLANG_WARN_OBJC_IMPLICIT_RETAIN_SELF = YES;
				CLANG_WARN_OBJC_LITERAL_CONVERSION = YES;
				CLANG_WARN_OBJC_ROOT_CLASS = YES_ERROR;
				CLANG_WARN_QUOTED_INCLUDE_IN_FRAMEWORK_HEADER = YES;
				CLANG_WARN_RANGE_LOOP_ANALYSIS = YES;
				CLANG_WARN_STRICT_PROTOTYPES = YES;
				CLANG_WARN_SUSPICIOUS_MOVE = YES;
				CLANG_WARN_UNGUARDED_AVAILABILITY = YES_AGGRESSIVE;
				CLANG_WARN_UNREACHABLE_CODE = YES;
				CLANG_WARN__DUPLICATE_METHOD_MATCH = YES;
				COPY_PHASE_STRIP = NO;
				DEBUG_INFORMATION_FORMAT = "dwarf-with-dsym";
				ENABLE_NS_ASSERTIONS = NO;
				ENABLE_STRICT_OBJC_MSGSEND = YES;
				ENABLE_USER_SCRIPT_SANDBOXING = YES;
				GCC_C_LANGUAGE_STANDARD = gnu17;
				GCC_NO_COMMON_BLOCKS = YES;
				GCC_WARN_64_TO_32_BIT_CONVERSION = YES;
				GCC_WARN_ABOUT_RETURN_TYPE = YES_ERROR;
				GCC_WARN_UNDECLARED_SELECTOR = YES;
				GCC_WARN_UNINITIALIZED_AUTOS = YES_AGGRESSIVE;
				GCC_WARN_UNUSED_FUNCTION = YES;
				GCC_WARN_UNUSED_VARIABLE = YES;
				IPHONEOS_DEPLOYMENT_TARGET = 17.4;
				LOCALIZATION_PREFERS_STRING_CATALOGS = YES;
				MTL_ENABLE_DEBUG_INFO = NO;
				MTL_FAST_MATH = YES;
				SDKROOT = iphoneos;
				SWIFT_COMPILATION_MODE = wholemodule;
				VALIDATE_PRODUCT = YES;
			};
			name = Release;
		};
		EB24C8952BAF29810008C0E2 /* Debug */ = {
			isa = XCBuildConfiguration;
			buildSettings = {
				ASSETCATALOG_COMPILER_APPICON_NAME = AppIcon;
				ASSETCATALOG_COMPILER_GLOBAL_ACCENT_COLOR_NAME = AccentColor;
				CODE_SIGN_STYLE = Automatic;
				CURRENT_PROJECT_VERSION = 1;
				DEVELOPMENT_TEAM = CZ7S34D3FB;
				GENERATE_INFOPLIST_FILE = YES;
				INFOPLIST_FILE = PostDemo/Info.plist;
				INFOPLIST_KEY_UIApplicationSupportsIndirectInputEvents = YES;
				INFOPLIST_KEY_UILaunchStoryboardName = LaunchScreen;
				INFOPLIST_KEY_UIMainStoryboardFile = Main;
				INFOPLIST_KEY_UISupportedInterfaceOrientations_iPad = "UIInterfaceOrientationPortrait UIInterfaceOrientationPortraitUpsideDown UIInterfaceOrientationLandscapeLeft UIInterfaceOrientationLandscapeRight";
				INFOPLIST_KEY_UISupportedInterfaceOrientations_iPhone = "UIInterfaceOrientationPortrait UIInterfaceOrientationLandscapeLeft UIInterfaceOrientationLandscapeRight";
				IPHONEOS_DEPLOYMENT_TARGET = 15.1;
				LD_RUNPATH_SEARCH_PATHS = (
					"$(inherited)",
					"@executable_path/Frameworks",
				);
				MARKETING_VERSION = 1.0;
				PRODUCT_BUNDLE_IDENTIFIER = com.local.post.PostDemo;
				PRODUCT_NAME = "$(TARGET_NAME)";
				SWIFT_EMIT_LOC_STRINGS = YES;
				SWIFT_VERSION = 5.0;
				TARGETED_DEVICE_FAMILY = "1,2";
			};
			name = Debug;
		};
		EB24C8962BAF29810008C0E2 /* Release */ = {
			isa = XCBuildConfiguration;
			buildSettings = {
				ASSETCATALOG_COMPILER_APPICON_NAME = AppIcon;
				ASSETCATALOG_COMPILER_GLOBAL_ACCENT_COLOR_NAME = AccentColor;
				CODE_SIGN_STYLE = Automatic;
				CURRENT_PROJECT_VERSION = 1;
				DEVELOPMENT_TEAM = CZ7S34D3FB;
				GENERATE_INFOPLIST_FILE = YES;
				INFOPLIST_FILE = PostDemo/Info.plist;
				INFOPLIST_KEY_UIApplicationSupportsIndirectInputEvents = YES;
				INFOPLIST_KEY_UILaunchStoryboardName = LaunchScreen;
				INFOPLIST_KEY_UIMainStoryboardFile = Main;
				INFOPLIST_KEY_UISupportedInterfaceOrientations_iPad = "UIInterfaceOrientationPortrait UIInterfaceOrientationPortraitUpsideDown UIInterfaceOrientationLandscapeLeft UIInterfaceOrientationLandscapeRight";
				INFOPLIST_KEY_UISupportedInterfaceOrientations_iPhone = "UIInterfaceOrientationPortrait UIInterfaceOrientationLandscapeLeft UIInterfaceOrientationLandscapeRight";
				IPHONEOS_DEPLOYMENT_TARGET = 15.1;
				LD_RUNPATH_SEARCH_PATHS = (
					"$(inherited)",
					"@executable_path/Frameworks",
				);
				MARKETING_VERSION = 1.0;
				PRODUCT_BUNDLE_IDENTIFIER = com.local.post.PostDemo;
				PRODUCT_NAME = "$(TARGET_NAME)";
				SWIFT_EMIT_LOC_STRINGS = YES;
				SWIFT_VERSION = 5.0;
				TARGETED_DEVICE_FAMILY = "1,2";
			};
			name = Release;
		};
/* End XCBuildConfiguration section */

/* Begin XCConfigurationList section */
		EB24C87B2BAF29800008C0E2 /* Build configuration list for PBXProject "PostDemo" */ = {
			isa = XCConfigurationList;
			buildConfigurations = (
				EB24C8922BAF29810008C0E2 /* Debug */,
				EB24C8932BAF29810008C0E2 /* Release */,
			);
			defaultConfigurationIsVisible = 0;
			defaultConfigurationName = Release;
		};
		EB24C8942BAF29810008C0E2 /* Build configuration list for PBXNativeTarget "PostDemo" */ = {
			isa = XCConfigurationList;
			buildConfigurations = (
				EB24C8952BAF29810008C0E2 /* Debug */,
				EB24C8962BAF29810008C0E2 /* Release */,
			);
			defaultConfigurationIsVisible = 0;
			defaultConfigurationName = Release;
		};
/* End XCConfigurationList section */
	};
	rootObject = EB24C8782BAF29800008C0E2 /* Project object */;
}
